
Microsoft Visual Studio Solution File, Format Version 12.00
# Visual Studio Version 17
VisualStudioVersion = 17.11.35219.272
MinimumVisualStudioVersion = 10.0.40219.1
Project("{FAE04EC0-301F-11D3-BF4B-00C04F79EFBC}") = "InventoryManagementAPI", "InventoryManagementAPI\InventoryManagementAPI.csproj", "{5EA22F07-7FF1-4649-817E-EBF37A04914B}"
EndProject
Global
	GlobalSection(SolutionConfigurationPlatforms) = preSolution
		Debug|Any CPU = Debug|Any CPU
		Release|Any CPU = Release|Any CPU
	EndGlobalSection
	GlobalSection(ProjectConfigurationPlatforms) = postSolution
		{5EA22F07-7FF1-4649-817E-EBF37A04914B}.Debug|Any CPU.ActiveCfg = Debug|Any CPU
		{5EA22F07-7FF1-4649-817E-EBF37A04914B}.Debug|Any CPU.Build.0 = Debug|Any CPU
		{5EA22F07-7FF1-4649-817E-EBF37A04914B}.Release|Any CPU.ActiveCfg = Release|Any CPU
		{5EA22F07-7FF1-4649-817E-EBF37A04914B}.Release|Any CPU.Build.0 = Release|Any CPU
	EndGlobalSection
	GlobalSection(SolutionProperties) = preSolution
		HideSolutionNode = FALSE
	EndGlobalSection
	GlobalSection(ExtensibilityGlobals) = postSolution
		SolutionGuid = {EC27FAB4-19B4-48C5-83BE-18B63935002D}
	EndGlobalSection
EndGlobal
